// !$*UTF8*$!
{
	archiveVersion = 1;
	classes = {
	};
	objectVersion = 46;
	objects = {

/* Begin PBXBuildFile section */
		8B02443F0D9E2D95000F7C9F /* PanelExtensions.m in Sources */ = {isa = PBXBuildFile; fileRef = 8B02443E0D9E2D95000F7C9F /* PanelExtensions.m */; };
		8B0586BF0EC044D600D9C0FB /* icons/CheckMark.gif in Resources */ = {isa = PBXBuildFile; fileRef = 8B0586BE0EC044D600D9C0FB /* icons/CheckMark.gif */; };
		8B0702030EBE705E006BF98A /* ExportImportController.m in Sources */ = {isa = PBXBuildFile; fileRef = 8B0701FE0EBE705E006BF98A /* ExportImportController.m */; };
		8B0702040EBE705E006BF98A /* ModalSheet.m in Sources */ = {isa = PBXBuildFile; fileRef = 8B0702000EBE705E006BF98A /* ModalSheet.m */; };
		8B0702050EBE705E006BF98A /* SplitViewDelegate.m in Sources */ = {isa = PBXBuildFile; fileRef = 8B0702020EBE705E006BF98A /* SplitViewDelegate.m */; };
		8B0F325D0F21BA83002FD8A6 /* Sparkle.framework in Frameworks */ = {isa = PBXBuildFile; fileRef = 8B0F325C0F21BA83002FD8A6 /* Sparkle.framework */; };
		8B0F327D0F21BB25002FD8A6 /* Sparkle.framework in CopyFiles */ = {isa = PBXBuildFile; fileRef = 8B0F325C0F21BA83002FD8A6 /* Sparkle.framework */; };
		8B1F181B0D97D86800427EFA /* DateExtensions.m in Sources */ = {isa = PBXBuildFile; fileRef = 8B1F181A0D97D86800427EFA /* DateExtensions.m */; };
		8B360B640EA00AA1005CA047 /* icons/DisclosureDown.tiff in Resources */ = {isa = PBXBuildFile; fileRef = 8B360B610EA00AA1005CA047 /* icons/DisclosureDown.tiff */; };
		8B360B650EA00AA1005CA047 /* icons/DisclosureRight.tiff in Resources */ = {isa = PBXBuildFile; fileRef = 8B360B620EA00AA1005CA047 /* icons/DisclosureRight.tiff */; };
		8B360B660EA00AA1005CA047 /* icons/DisclosureTransparent.tiff in Resources */ = {isa = PBXBuildFile; fileRef = 8B360B630EA00AA1005CA047 /* icons/DisclosureTransparent.tiff */; };
		8B360B680EA00AB2005CA047 /* icons/KronoX-icon.icns in Resources */ = {isa = PBXBuildFile; fileRef = 8B360B670EA00AB2005CA047 /* icons/KronoX-icon.icns */; };
		8B66A2F80D91CFD300ABDD4E /* KronoX.xib in Resources */ = {isa = PBXBuildFile; fileRef = 8B66A2EC0D91CF8900ABDD4E /* KronoX.xib */; };
		8B689E4F0DC8A2E9000C966F /* CalendarStore.framework in Frameworks */ = {isa = PBXBuildFile; fileRef = 8B689E4E0DC8A2E9000C966F /* CalendarStore.framework */; };
		8B7B86130DCA7B8E00A87979 /* FontSizeToRowHeight.m in Sources */ = {isa = PBXBuildFile; fileRef = 8B7B86120DCA7B8E00A87979 /* FontSizeToRowHeight.m */; };
		8B8D2F360DA2B2D4009A4AB8 /* FontSizeToIndex.m in Sources */ = {isa = PBXBuildFile; fileRef = 8B8D2F350DA2B2D4009A4AB8 /* FontSizeToIndex.m */; };
		8B9AB9280FD3363F0093D722 /* KronoX-model-v2-v3.xcmappingmodel in Sources */ = {isa = PBXBuildFile; fileRef = 8B9AB9270FD3363F0093D722 /* KronoX-model-v2-v3.xcmappingmodel */; };
		8B9CA41A0F229D350005A79F /* dsa_pub.pem in Resources */ = {isa = PBXBuildFile; fileRef = 8B9CA4190F229D350005A79F /* dsa_pub.pem */; };
		8BAE6AC20DA1468400423BA9 /* WorkPeriodController.m in Sources */ = {isa = PBXBuildFile; fileRef = 8BAE6AC10DA1468400423BA9 /* WorkPeriodController.m */; };
		8BAF02F20F1E08E100720336 /* ChangeLog.txt in Resources */ = {isa = PBXBuildFile; fileRef = 8BAF02F10F1E08E100720336 /* ChangeLog.txt */; };
		8BB5616A0F1F8D6400953794 /* KronoX-model.xcdatamodeld in Sources */ = {isa = PBXBuildFile; fileRef = 8BB561690F1F8D6400953794 /* KronoX-model.xcdatamodeld */; };
		8BB5616E0F1F8E2900953794 /* KronoX-model-v1-v2.xcmappingmodel in Sources */ = {isa = PBXBuildFile; fileRef = 8BB5616D0F1F8E2900953794 /* KronoX-model-v1-v2.xcmappingmodel */; };
		8BB9ED840D7B53EF00E1A813 /* TimeIntervalToDate.m in Sources */ = {isa = PBXBuildFile; fileRef = 8BB9ED830D7B53EF00E1A813 /* TimeIntervalToDate.m */; };
		8BBC1C340DC1317E00685052 /* KronoX.m in Sources */ = {isa = PBXBuildFile; fileRef = 8BBC1C330DC1317E00685052 /* KronoX.m */; };
		8BC89B530E9EA54B00367A46 /* RecordingMenuDelegate.m in Sources */ = {isa = PBXBuildFile; fileRef = 8BC89B520E9EA54B00367A46 /* RecordingMenuDelegate.m */; };
		8BC8BE5A0EEC525C00F52232 /* Credits.rtf in Resources */ = {isa = PBXBuildFile; fileRef = 8BC8BE590EEC525B00F52232 /* Credits.rtf */; };
		8BC8BED90EEC620800F52232 /* COPYING.txt in Resources */ = {isa = PBXBuildFile; fileRef = 8BC8BED80EEC620800F52232 /* COPYING.txt */; };
		8BDC5005107C8713001F74C9 /* KronoX Help in Resources */ = {isa = PBXBuildFile; fileRef = 8BDC5001107C8713001F74C9 /* KronoX Help */; };
		8BE0FD680D70C115003B3842 /* TasksController.m in Sources */ = {isa = PBXBuildFile; fileRef = 8BE0FD670D70C115003B3842 /* TasksController.m */; };
		8BE0FD6B0D70C176003B3842 /* Task.m in Sources */ = {isa = PBXBuildFile; fileRef = 8BE0FD6A0D70C176003B3842 /* Task.m */; };
		8BE0FD6E0D70C299003B3842 /* WorkPeriod.m in Sources */ = {isa = PBXBuildFile; fileRef = 8BE0FD6D0D70C299003B3842 /* WorkPeriod.m */; };
		8BE1B2A10EA29A1B00686209 /* icons/Pencil.png in Resources */ = {isa = PBXBuildFile; fileRef = 8BE1B2A00EA29A1B00686209 /* icons/Pencil.png */; };
		8BE4AB7D106EC55400AD621C /* TimeIntervalToDuration.m in Sources */ = {isa = PBXBuildFile; fileRef = 8BE4AB7C106EC55400AD621C /* TimeIntervalToDuration.m */; };
		8BE4AB80106EC55F00AD621C /* TimeIntervalToMinutes.m in Sources */ = {isa = PBXBuildFile; fileRef = 8BE4AB7F106EC55F00AD621C /* TimeIntervalToMinutes.m */; };
		8BE4ABD3106ECC6300AD621C /* TimeIntervalToNormalWorkingTime.m in Sources */ = {isa = PBXBuildFile; fileRef = 8BE4ABD2106ECC6300AD621C /* TimeIntervalToNormalWorkingTime.m */; };
		8BE4AC56106ED80800AD621C /* KronoX-model-v3-v4.xcmappingmodel in Sources */ = {isa = PBXBuildFile; fileRef = 8BE4AC55106ED80800AD621C /* KronoX-model-v3-v4.xcmappingmodel */; };
		8BE75274106818DD008C1482 /* ColumnsMenuDelegate.m in Sources */ = {isa = PBXBuildFile; fileRef = 8BE75273106818DD008C1482 /* ColumnsMenuDelegate.m */; };
		8BF2DB1E0DA1634800A3CBBF /* UndoExtensions.m in Sources */ = {isa = PBXBuildFile; fileRef = 8BF2DB1D0DA1634800A3CBBF /* UndoExtensions.m */; };
		8D11072D0486CEB800E47090 /* main.m in Sources */ = {isa = PBXBuildFile; fileRef = 29B97316FDCFA39411CA2CEA /* main.m */; settings = {ATTRIBUTES = (); }; };
		8D11072F0486CEB800E47090 /* Cocoa.framework in Frameworks */ = {isa = PBXBuildFile; fileRef = 1058C7A1FEA54F0111CA2CBB /* Cocoa.framework */; };
		CEEFE4BC1566A2B600AB3661 /* HSFairware.m in Sources */ = {isa = PBXBuildFile; fileRef = CEEFE4B71566A2B600AB3661 /* HSFairware.m */; };
		CEEFE4BD1566A2B600AB3661 /* HSFairwareReminder.m in Sources */ = {isa = PBXBuildFile; fileRef = CEEFE4B91566A2B600AB3661 /* HSFairwareReminder.m */; };
		CEEFE4BE1566A2B600AB3661 /* Utils.m in Sources */ = {isa = PBXBuildFile; fileRef = CEEFE4BB1566A2B600AB3661 /* Utils.m */; };
		CEEFE4C21566A51E00AB3661 /* FairwareReminder.xib in Resources */ = {isa = PBXBuildFile; fileRef = CEEFE4C01566A51E00AB3661 /* FairwareReminder.xib */; };
		CEEFE4C51566A93C00AB3661 /* Dialogs.m in Sources */ = {isa = PBXBuildFile; fileRef = CEEFE4C41566A93C00AB3661 /* Dialogs.m */; };
		D01B820C1122B61900FF8821 /* icons/StatusMenuIcon.tiff in Resources */ = {isa = PBXBuildFile; fileRef = D01B820B1122B61900FF8821 /* icons/StatusMenuIcon.tiff */; };
		D060D30C1116C3B000B280FD /* EscapableDatePicker.m in Sources */ = {isa = PBXBuildFile; fileRef = D060D30B1116C3B000B280FD /* EscapableDatePicker.m */; };
		D0D1AC6E1166810D00115411 /* KronoX-model-v5-v6.xcmappingmodel in Sources */ = {isa = PBXBuildFile; fileRef = D0D1AC6D1166810D00115411 /* KronoX-model-v5-v6.xcmappingmodel */; };
		D0D1ACAD1166891700115411 /* KronoX-model-v4-v6.xcmappingmodel in Sources */ = {isa = PBXBuildFile; fileRef = D0D1ACAC1166891700115411 /* KronoX-model-v4-v6.xcmappingmodel */; };
		D0DE6A161151928C0071BEFD /* KronoX-model-v4-v5.xcmappingmodel in Sources */ = {isa = PBXBuildFile; fileRef = D0DE6A151151928C0071BEFD /* KronoX-model-v4-v5.xcmappingmodel */; };
/* End PBXBuildFile section */

/* Begin PBXCopyFilesBuildPhase section */
		8B0F327B0F21BAEB002FD8A6 /* CopyFiles */ = {
			isa = PBXCopyFilesBuildPhase;
			buildActionMask = 2147483647;
			dstPath = "";
			dstSubfolderSpec = 10;
			files = (
				8B0F327D0F21BB25002FD8A6 /* Sparkle.framework in CopyFiles */,
			);
			runOnlyForDeploymentPostprocessing = 0;
		};
/* End PBXCopyFilesBuildPhase section */

/* Begin PBXFileReference section */
		1058C7A1FEA54F0111CA2CBB /* Cocoa.framework */ = {isa = PBXFileReference; lastKnownFileType = wrapper.framework; name = Cocoa.framework; path = /System/Library/Frameworks/Cocoa.framework; sourceTree = "<absolute>"; };
		29B97316FDCFA39411CA2CEA /* main.m */ = {isa = PBXFileReference; fileEncoding = 4; lastKnownFileType = sourcecode.c.objc; path = main.m; sourceTree = "<group>"; };
		29B97324FDCFA39411CA2CEA /* AppKit.framework */ = {isa = PBXFileReference; lastKnownFileType = wrapper.framework; name = AppKit.framework; path = /System/Library/Frameworks/AppKit.framework; sourceTree = "<absolute>"; };
		29B97325FDCFA39411CA2CEA /* Foundation.framework */ = {isa = PBXFileReference; lastKnownFileType = wrapper.framework; name = Foundation.framework; path = /System/Library/Frameworks/Foundation.framework; sourceTree = "<absolute>"; };
		32CA4F630368D1EE00C91783 /* KronoX-prefix.pch */ = {isa = PBXFileReference; fileEncoding = 4; lastKnownFileType = sourcecode.c.h; path = "KronoX-prefix.pch"; sourceTree = "<group>"; };
		770B37EC0679A11B001EADE2 /* KronoX-model.xcdatamodel */ = {isa = PBXFileReference; fileEncoding = 4; lastKnownFileType = wrapper.xcdatamodel; path = "KronoX-model.xcdatamodel"; sourceTree = "<group>"; };
		77C82804067257F0000B614F /* CoreData.framework */ = {isa = PBXFileReference; lastKnownFileType = wrapper.framework; name = CoreData.framework; path = /System/Library/Frameworks/CoreData.framework; sourceTree = "<absolute>"; };
		77C8280B06725ACE000B614F /* KronoX.h */ = {isa = PBXFileReference; fileEncoding = 4; lastKnownFileType = sourcecode.c.h; path = KronoX.h; sourceTree = "<group>"; };
		8B02443D0D9E2D95000F7C9F /* PanelExtensions.h */ = {isa = PBXFileReference; fileEncoding = 4; lastKnownFileType = sourcecode.c.h; path = PanelExtensions.h; sourceTree = "<group>"; };
		8B02443E0D9E2D95000F7C9F /* PanelExtensions.m */ = {isa = PBXFileReference; fileEncoding = 4; lastKnownFileType = sourcecode.c.objc; path = PanelExtensions.m; sourceTree = "<group>"; };
		8B0586BE0EC044D600D9C0FB /* icons/CheckMark.gif */ = {isa = PBXFileReference; lastKnownFileType = image.gif; path = icons/CheckMark.gif; sourceTree = "<group>"; };
		8B0701FD0EBE705E006BF98A /* ExportImportController.h */ = {isa = PBXFileReference; fileEncoding = 4; lastKnownFileType = sourcecode.c.h; path = ExportImportController.h; sourceTree = "<group>"; };
		8B0701FE0EBE705E006BF98A /* ExportImportController.m */ = {isa = PBXFileReference; fileEncoding = 4; lastKnownFileType = sourcecode.c.objc; path = ExportImportController.m; sourceTree = "<group>"; };
		8B0701FF0EBE705E006BF98A /* ModalSheet.h */ = {isa = PBXFileReference; fileEncoding = 4; lastKnownFileType = sourcecode.c.h; path = ModalSheet.h; sourceTree = "<group>"; };
		8B0702000EBE705E006BF98A /* ModalSheet.m */ = {isa = PBXFileReference; fileEncoding = 4; lastKnownFileType = sourcecode.c.objc; path = ModalSheet.m; sourceTree = "<group>"; };
		8B0702010EBE705E006BF98A /* SplitViewDelegate.h */ = {isa = PBXFileReference; fileEncoding = 4; lastKnownFileType = sourcecode.c.h; path = SplitViewDelegate.h; sourceTree = "<group>"; };
		8B0702020EBE705E006BF98A /* SplitViewDelegate.m */ = {isa = PBXFileReference; fileEncoding = 4; lastKnownFileType = sourcecode.c.objc; path = SplitViewDelegate.m; sourceTree = "<group>"; };
		8B0F325C0F21BA83002FD8A6 /* Sparkle.framework */ = {isa = PBXFileReference; lastKnownFileType = wrapper.framework; path = Sparkle.framework; sourceTree = "<group>"; };
		8B1F18190D97D86800427EFA /* DateExtensions.h */ = {isa = PBXFileReference; fileEncoding = 4; lastKnownFileType = sourcecode.c.h; path = DateExtensions.h; sourceTree = "<group>"; };
		8B1F181A0D97D86800427EFA /* DateExtensions.m */ = {isa = PBXFileReference; fileEncoding = 4; lastKnownFileType = sourcecode.c.objc; path = DateExtensions.m; sourceTree = "<group>"; };
		8B360B610EA00AA1005CA047 /* icons/DisclosureDown.tiff */ = {isa = PBXFileReference; lastKnownFileType = image.tiff; path = icons/DisclosureDown.tiff; sourceTree = "<group>"; };
		8B360B620EA00AA1005CA047 /* icons/DisclosureRight.tiff */ = {isa = PBXFileReference; lastKnownFileType = image.tiff; path = icons/DisclosureRight.tiff; sourceTree = "<group>"; };
		8B360B630EA00AA1005CA047 /* icons/DisclosureTransparent.tiff */ = {isa = PBXFileReference; lastKnownFileType = image.tiff; path = icons/DisclosureTransparent.tiff; sourceTree = "<group>"; };
		8B360B670EA00AB2005CA047 /* icons/KronoX-icon.icns */ = {isa = PBXFileReference; lastKnownFileType = image.icns; path = "icons/KronoX-icon.icns"; sourceTree = "<group>"; };
		8B3DC252107FE6570011F37A /* KronoX-icon.png */ = {isa = PBXFileReference; lastKnownFileType = image.png; name = "KronoX-icon.png"; path = "English.lproj/KronoX Help/KronoX-icon.png"; sourceTree = "<group>"; };
		8B66A2EC0D91CF8900ABDD4E /* KronoX.xib */ = {isa = PBXFileReference; lastKnownFileType = file.xib; path = KronoX.xib; sourceTree = "<group>"; };
		8B689E4E0DC8A2E9000C966F /* CalendarStore.framework */ = {isa = PBXFileReference; lastKnownFileType = wrapper.framework; name = CalendarStore.framework; path = /System/Library/Frameworks/CalendarStore.framework; sourceTree = "<absolute>"; };
		8B7B86110DCA7B8E00A87979 /* FontSizeToRowHeight.h */ = {isa = PBXFileReference; fileEncoding = 4; lastKnownFileType = sourcecode.c.h; path = FontSizeToRowHeight.h; sourceTree = "<group>"; };
		8B7B86120DCA7B8E00A87979 /* FontSizeToRowHeight.m */ = {isa = PBXFileReference; fileEncoding = 4; lastKnownFileType = sourcecode.c.objc; path = FontSizeToRowHeight.m; sourceTree = "<group>"; };
		8B8D2F340DA2B2D4009A4AB8 /* FontSizeToIndex.h */ = {isa = PBXFileReference; fileEncoding = 4; lastKnownFileType = sourcecode.c.h; path = FontSizeToIndex.h; sourceTree = "<group>"; };
		8B8D2F350DA2B2D4009A4AB8 /* FontSizeToIndex.m */ = {isa = PBXFileReference; fileEncoding = 4; lastKnownFileType = sourcecode.c.objc; path = FontSizeToIndex.m; sourceTree = "<group>"; };
		8B9AB8790FD322990093D722 /* KronoX-model-v3.xcdatamodel */ = {isa = PBXFileReference; lastKnownFileType = wrapper.xcdatamodel; path = "KronoX-model-v3.xcdatamodel"; sourceTree = "<group>"; };
		8B9AB9270FD3363F0093D722 /* KronoX-model-v2-v3.xcmappingmodel */ = {isa = PBXFileReference; fileEncoding = 4; lastKnownFileType = wrapper.xcmappingmodel; path = "KronoX-model-v2-v3.xcmappingmodel"; sourceTree = "<group>"; };
		8B9CA4190F229D350005A79F /* dsa_pub.pem */ = {isa = PBXFileReference; fileEncoding = 4; lastKnownFileType = text; path = dsa_pub.pem; sourceTree = "<group>"; };
		8BAE6AC00DA1468400423BA9 /* WorkPeriodController.h */ = {isa = PBXFileReference; fileEncoding = 4; lastKnownFileType = sourcecode.c.h; path = WorkPeriodController.h; sourceTree = "<group>"; };
		8BAE6AC10DA1468400423BA9 /* WorkPeriodController.m */ = {isa = PBXFileReference; fileEncoding = 4; lastKnownFileType = sourcecode.c.objc; path = WorkPeriodController.m; sourceTree = "<group>"; };
		8BAF02F10F1E08E100720336 /* ChangeLog.txt */ = {isa = PBXFileReference; fileEncoding = 4; lastKnownFileType = text; path = ChangeLog.txt; sourceTree = "<group>"; };
		8BB5616B0F1F8D6400953794 /* KronoX-model-v2.xcdatamodel */ = {isa = PBXFileReference; lastKnownFileType = wrapper.xcdatamodel; path = "KronoX-model-v2.xcdatamodel"; sourceTree = "<group>"; };
		8BB5616D0F1F8E2900953794 /* KronoX-model-v1-v2.xcmappingmodel */ = {isa = PBXFileReference; fileEncoding = 4; lastKnownFileType = wrapper.xcmappingmodel; path = "KronoX-model-v1-v2.xcmappingmodel"; sourceTree = "<group>"; };
		8BB9ED820D7B53EF00E1A813 /* TimeIntervalToDate.h */ = {isa = PBXFileReference; fileEncoding = 4; lastKnownFileType = sourcecode.c.h; path = TimeIntervalToDate.h; sourceTree = "<group>"; };
		8BB9ED830D7B53EF00E1A813 /* TimeIntervalToDate.m */ = {isa = PBXFileReference; fileEncoding = 4; lastKnownFileType = sourcecode.c.objc; path = TimeIntervalToDate.m; sourceTree = "<group>"; };
		8BBC1C330DC1317E00685052 /* KronoX.m */ = {isa = PBXFileReference; fileEncoding = 4; lastKnownFileType = sourcecode.c.objc; path = KronoX.m; sourceTree = "<group>"; };
		8BC4D1A0106BF5FC001E64D9 /* KronoX-model-v4.xcdatamodel */ = {isa = PBXFileReference; lastKnownFileType = wrapper.xcdatamodel; path = "KronoX-model-v4.xcdatamodel"; sourceTree = "<group>"; };
		8BC89B510E9EA54B00367A46 /* RecordingMenuDelegate.h */ = {isa = PBXFileReference; fileEncoding = 4; lastKnownFileType = sourcecode.c.h; path = RecordingMenuDelegate.h; sourceTree = "<group>"; };
		8BC89B520E9EA54B00367A46 /* RecordingMenuDelegate.m */ = {isa = PBXFileReference; fileEncoding = 4; lastKnownFileType = sourcecode.c.objc; path = RecordingMenuDelegate.m; sourceTree = "<group>"; };
		8BC8BE590EEC525B00F52232 /* Credits.rtf */ = {isa = PBXFileReference; lastKnownFileType = text.rtf; path = Credits.rtf; sourceTree = "<group>"; };
		8BC8BED80EEC620800F52232 /* COPYING.txt */ = {isa = PBXFileReference; fileEncoding = 4; lastKnownFileType = text; path = COPYING.txt; sourceTree = "<group>"; };
		8BDC5002107C8713001F74C9 /* English */ = {isa = PBXFileReference; lastKnownFileType = folder; name = English; path = "English.lproj/KronoX Help"; sourceTree = "<group>"; };
		8BE0FD660D70C115003B3842 /* TasksController.h */ = {isa = PBXFileReference; fileEncoding = 4; lastKnownFileType = sourcecode.c.h; path = TasksController.h; sourceTree = "<group>"; };
		8BE0FD670D70C115003B3842 /* TasksController.m */ = {isa = PBXFileReference; fileEncoding = 4; lastKnownFileType = sourcecode.c.objc; path = TasksController.m; sourceTree = "<group>"; };
		8BE0FD690D70C176003B3842 /* Task.h */ = {isa = PBXFileReference; fileEncoding = 4; lastKnownFileType = sourcecode.c.h; path = Task.h; sourceTree = "<group>"; };
		8BE0FD6A0D70C176003B3842 /* Task.m */ = {isa = PBXFileReference; fileEncoding = 4; lastKnownFileType = sourcecode.c.objc; path = Task.m; sourceTree = "<group>"; };
		8BE0FD6C0D70C299003B3842 /* WorkPeriod.h */ = {isa = PBXFileReference; fileEncoding = 4; lastKnownFileType = sourcecode.c.h; path = WorkPeriod.h; sourceTree = "<group>"; };
		8BE0FD6D0D70C299003B3842 /* WorkPeriod.m */ = {isa = PBXFileReference; fileEncoding = 4; lastKnownFileType = sourcecode.c.objc; path = WorkPeriod.m; sourceTree = "<group>"; };
		8BE1B2A00EA29A1B00686209 /* icons/Pencil.png */ = {isa = PBXFileReference; lastKnownFileType = image.png; path = icons/Pencil.png; sourceTree = "<group>"; };
		8BE4AB7B106EC55400AD621C /* TimeIntervalToDuration.h */ = {isa = PBXFileReference; fileEncoding = 4; lastKnownFileType = sourcecode.c.h; path = TimeIntervalToDuration.h; sourceTree = "<group>"; };
		8BE4AB7C106EC55400AD621C /* TimeIntervalToDuration.m */ = {isa = PBXFileReference; fileEncoding = 4; lastKnownFileType = sourcecode.c.objc; path = TimeIntervalToDuration.m; sourceTree = "<group>"; };
		8BE4AB7E106EC55F00AD621C /* TimeIntervalToMinutes.h */ = {isa = PBXFileReference; fileEncoding = 4; lastKnownFileType = sourcecode.c.h; path = TimeIntervalToMinutes.h; sourceTree = "<group>"; };
		8BE4AB7F106EC55F00AD621C /* TimeIntervalToMinutes.m */ = {isa = PBXFileReference; fileEncoding = 4; lastKnownFileType = sourcecode.c.objc; path = TimeIntervalToMinutes.m; sourceTree = "<group>"; };
		8BE4ABD1106ECC6300AD621C /* TimeIntervalToNormalWorkingTime.h */ = {isa = PBXFileReference; fileEncoding = 4; lastKnownFileType = sourcecode.c.h; path = TimeIntervalToNormalWorkingTime.h; sourceTree = "<group>"; };
		8BE4ABD2106ECC6300AD621C /* TimeIntervalToNormalWorkingTime.m */ = {isa = PBXFileReference; fileEncoding = 4; lastKnownFileType = sourcecode.c.objc; path = TimeIntervalToNormalWorkingTime.m; sourceTree = "<group>"; };
		8BE4AC55106ED80800AD621C /* KronoX-model-v3-v4.xcmappingmodel */ = {isa = PBXFileReference; fileEncoding = 4; lastKnownFileType = wrapper.xcmappingmodel; path = "KronoX-model-v3-v4.xcmappingmodel"; sourceTree = "<group>"; };
		8BE75272106818DD008C1482 /* ColumnsMenuDelegate.h */ = {isa = PBXFileReference; fileEncoding = 4; lastKnownFileType = sourcecode.c.h; path = ColumnsMenuDelegate.h; sourceTree = "<group>"; };
		8BE75273106818DD008C1482 /* ColumnsMenuDelegate.m */ = {isa = PBXFileReference; fileEncoding = 4; lastKnownFileType = sourcecode.c.objc; path = ColumnsMenuDelegate.m; sourceTree = "<group>"; };
		8BF2DB1C0DA1634800A3CBBF /* UndoExtensions.h */ = {isa = PBXFileReference; fileEncoding = 4; lastKnownFileType = sourcecode.c.h; path = UndoExtensions.h; sourceTree = "<group>"; };
		8BF2DB1D0DA1634800A3CBBF /* UndoExtensions.m */ = {isa = PBXFileReference; fileEncoding = 4; lastKnownFileType = sourcecode.c.objc; path = UndoExtensions.m; sourceTree = "<group>"; };
		8D1107310486CEB800E47090 /* Info.plist */ = {isa = PBXFileReference; explicitFileType = text.plist; fileEncoding = 4; path = Info.plist; sourceTree = "<group>"; };
		8D1107320486CEB800E47090 /* KronoX.app */ = {isa = PBXFileReference; explicitFileType = wrapper.application; includeInIndex = 0; path = KronoX.app; sourceTree = BUILT_PRODUCTS_DIR; };
		CE8D06761565530400D3ACED /* KronoX-model-v7.xcdatamodel */ = {isa = PBXFileReference; lastKnownFileType = wrapper.xcdatamodel; path = "KronoX-model-v7.xcdatamodel"; sourceTree = "<group>"; };
		CEEFE4B61566A2B600AB3661 /* HSFairware.h */ = {isa = PBXFileReference; fileEncoding = 4; lastKnownFileType = sourcecode.c.h; name = HSFairware.h; path = cocoalib/HSFairware.h; sourceTree = "<group>"; };
		CEEFE4B71566A2B600AB3661 /* HSFairware.m */ = {isa = PBXFileReference; fileEncoding = 4; lastKnownFileType = sourcecode.c.objc; name = HSFairware.m; path = cocoalib/HSFairware.m; sourceTree = "<group>"; };
		CEEFE4B81566A2B600AB3661 /* HSFairwareReminder.h */ = {isa = PBXFileReference; fileEncoding = 4; lastKnownFileType = sourcecode.c.h; name = HSFairwareReminder.h; path = cocoalib/HSFairwareReminder.h; sourceTree = "<group>"; };
		CEEFE4B91566A2B600AB3661 /* HSFairwareReminder.m */ = {isa = PBXFileReference; fileEncoding = 4; lastKnownFileType = sourcecode.c.objc; name = HSFairwareReminder.m; path = cocoalib/HSFairwareReminder.m; sourceTree = "<group>"; };
		CEEFE4BA1566A2B600AB3661 /* Utils.h */ = {isa = PBXFileReference; fileEncoding = 4; lastKnownFileType = sourcecode.c.h; name = Utils.h; path = cocoalib/Utils.h; sourceTree = "<group>"; };
		CEEFE4BB1566A2B600AB3661 /* Utils.m */ = {isa = PBXFileReference; fileEncoding = 4; lastKnownFileType = sourcecode.c.objc; name = Utils.m; path = cocoalib/Utils.m; sourceTree = "<group>"; };
		CEEFE4C11566A51E00AB3661 /* en */ = {isa = PBXFileReference; lastKnownFileType = file.xib; name = en; path = cocoalib/en.lproj/FairwareReminder.xib; sourceTree = "<group>"; };
		CEEFE4C31566A93C00AB3661 /* Dialogs.h */ = {isa = PBXFileReference; fileEncoding = 4; lastKnownFileType = sourcecode.c.h; name = Dialogs.h; path = cocoalib/Dialogs.h; sourceTree = "<group>"; };
		CEEFE4C41566A93C00AB3661 /* Dialogs.m */ = {isa = PBXFileReference; fileEncoding = 4; lastKnownFileType = sourcecode.c.objc; name = Dialogs.m; path = cocoalib/Dialogs.m; sourceTree = "<group>"; };
		D01B820B1122B61900FF8821 /* icons/StatusMenuIcon.tiff */ = {isa = PBXFileReference; lastKnownFileType = image.tiff; path = icons/StatusMenuIcon.tiff; sourceTree = "<group>"; };
		D060D30A1116C3B000B280FD /* EscapableDatePicker.h */ = {isa = PBXFileReference; fileEncoding = 4; lastKnownFileType = sourcecode.c.h; path = EscapableDatePicker.h; sourceTree = "<group>"; };
		D060D30B1116C3B000B280FD /* EscapableDatePicker.m */ = {isa = PBXFileReference; fileEncoding = 4; lastKnownFileType = sourcecode.c.objc; path = EscapableDatePicker.m; sourceTree = "<group>"; };
		D0D1AC6B116680A700115411 /* KronoX-model-v6.xcdatamodel */ = {isa = PBXFileReference; lastKnownFileType = wrapper.xcdatamodel; path = "KronoX-model-v6.xcdatamodel"; sourceTree = "<group>"; };
		D0D1AC6D1166810D00115411 /* KronoX-model-v5-v6.xcmappingmodel */ = {isa = PBXFileReference; fileEncoding = 4; lastKnownFileType = wrapper.xcmappingmodel; path = "KronoX-model-v5-v6.xcmappingmodel"; sourceTree = "<group>"; };
		D0D1ACAC1166891700115411 /* KronoX-model-v4-v6.xcmappingmodel */ = {isa = PBXFileReference; fileEncoding = 4; lastKnownFileType = wrapper.xcmappingmodel; path = "KronoX-model-v4-v6.xcmappingmodel"; sourceTree = "<group>"; };
		D0DE69E211518DB60071BEFD /* KronoX-model-v5.xcdatamodel */ = {isa = PBXFileReference; lastKnownFileType = wrapper.xcdatamodel; path = "KronoX-model-v5.xcdatamodel"; sourceTree = "<group>"; };
		D0DE6A151151928C0071BEFD /* KronoX-model-v4-v5.xcmappingmodel */ = {isa = PBXFileReference; fileEncoding = 4; lastKnownFileType = wrapper.xcmappingmodel; path = "KronoX-model-v4-v5.xcmappingmodel"; sourceTree = "<group>"; };
		D0F701CC11237182003F9765 /* kronos-god-v2.xcf */ = {isa = PBXFileReference; lastKnownFileType = file; name = "kronos-god-v2.xcf"; path = "icons/kronos-god-v2.xcf"; sourceTree = "<group>"; };
		D0F701CD11237182003F9765 /* statusmenu-icon.xcf */ = {isa = PBXFileReference; lastKnownFileType = file; name = "statusmenu-icon.xcf"; path = "icons/statusmenu-icon.xcf"; sourceTree = "<group>"; };
/* End PBXFileReference section */

/* Begin PBXFrameworksBuildPhase section */
		8D11072E0486CEB800E47090 /* Frameworks */ = {
			isa = PBXFrameworksBuildPhase;
			buildActionMask = 2147483647;
			files = (
				8D11072F0486CEB800E47090 /* Cocoa.framework in Frameworks */,
				8B689E4F0DC8A2E9000C966F /* CalendarStore.framework in Frameworks */,
				8B0F325D0F21BA83002FD8A6 /* Sparkle.framework in Frameworks */,
			);
			runOnlyForDeploymentPostprocessing = 0;
		};
/* End PBXFrameworksBuildPhase section */

/* Begin PBXGroup section */
		080E96DDFE201D6D7F000001 /* NSControllers */ = {
			isa = PBXGroup;
			children = (
				8BE0FD660D70C115003B3842 /* TasksController.h */,
				8BE0FD670D70C115003B3842 /* TasksController.m */,
				8BAE6AC00DA1468400423BA9 /* WorkPeriodController.h */,
				8BAE6AC10DA1468400423BA9 /* WorkPeriodController.m */,
				8B0701FD0EBE705E006BF98A /* ExportImportController.h */,
				8B0701FE0EBE705E006BF98A /* ExportImportController.m */,
			);
			name = NSControllers;
			sourceTree = "<group>";
		};
		1058C7A0FEA54F0111CA2CBB /* Linked Frameworks */ = {
			isa = PBXGroup;
			children = (
				1058C7A1FEA54F0111CA2CBB /* Cocoa.framework */,
				8B0F325C0F21BA83002FD8A6 /* Sparkle.framework */,
			);
			name = "Linked Frameworks";
			sourceTree = "<group>";
		};
		1058C7A2FEA54F0111CA2CBB /* Other Frameworks */ = {
			isa = PBXGroup;
			children = (
				77C82804067257F0000B614F /* CoreData.framework */,
				29B97325FDCFA39411CA2CEA /* Foundation.framework */,
				29B97324FDCFA39411CA2CEA /* AppKit.framework */,
			);
			name = "Other Frameworks";
			sourceTree = "<group>";
		};
		19C28FACFE9D520D11CA2CBB /* Products */ = {
			isa = PBXGroup;
			children = (
				8D1107320486CEB800E47090 /* KronoX.app */,
			);
			name = Products;
			sourceTree = "<group>";
		};
		29B97314FDCFA39411CA2CEA /* KronoX */ = {
			isa = PBXGroup;
			children = (
				8BAF02F10F1E08E100720336 /* ChangeLog.txt */,
				77C8280B06725ACE000B614F /* KronoX.h */,
				8BBC1C330DC1317E00685052 /* KronoX.m */,
				CE8011FC1566972500FC55DC /* cocoalib */,
				080E96DDFE201D6D7F000001 /* NSControllers */,
				8BC89B500E9EA4E100367A46 /* Delegates */,
				8B88056F0E9C9048003F4846 /* (Sub)Classes */,
				7756732906782D8800D1FEB8 /* Core Data Models */,
				8BF2DB530DA175A100A3CBBF /* Cocoa Extensions */,
				8B67DB120D9635FB00A87B47 /* NSTransformers */,
				8B5629E30EA00E240079AA8D /* Images */,
				29B97317FDCFA39411CA2CEA /* Resources */,
				29B97323FDCFA39411CA2CEA /* Frameworks */,
				19C28FACFE9D520D11CA2CBB /* Products */,
			);
			name = KronoX;
			sourceTree = "<group>";
		};
		29B97317FDCFA39411CA2CEA /* Resources */ = {
			isa = PBXGroup;
			children = (
				CEEFE4C01566A51E00AB3661 /* FairwareReminder.xib */,
				8B66A2EC0D91CF8900ABDD4E /* KronoX.xib */,
				8BDC5001107C8713001F74C9 /* KronoX Help */,
				8BC8BE590EEC525B00F52232 /* Credits.rtf */,
				8D1107310486CEB800E47090 /* Info.plist */,
				32CA4F630368D1EE00C91783 /* KronoX-prefix.pch */,
				29B97316FDCFA39411CA2CEA /* main.m */,
				8BC8BED80EEC620800F52232 /* COPYING.txt */,
				8B9CA4190F229D350005A79F /* dsa_pub.pem */,
			);
			name = Resources;
			sourceTree = "<group>";
		};
		29B97323FDCFA39411CA2CEA /* Frameworks */ = {
			isa = PBXGroup;
			children = (
				8B689E4E0DC8A2E9000C966F /* CalendarStore.framework */,
				1058C7A0FEA54F0111CA2CBB /* Linked Frameworks */,
				1058C7A2FEA54F0111CA2CBB /* Other Frameworks */,
			);
			name = Frameworks;
			sourceTree = "<group>";
		};
		7756732906782D8800D1FEB8 /* Core Data Models */ = {
			isa = PBXGroup;
			children = (
				8BB561690F1F8D6400953794 /* KronoX-model.xcdatamodeld */,
				8BE0FD6C0D70C299003B3842 /* WorkPeriod.h */,
				8BE0FD6D0D70C299003B3842 /* WorkPeriod.m */,
				8BE0FD690D70C176003B3842 /* Task.h */,
				8BE0FD6A0D70C176003B3842 /* Task.m */,
			);
			name = "Core Data Models";
			sourceTree = "<group>";
		};
		8B5629E30EA00E240079AA8D /* Images */ = {
			isa = PBXGroup;
			children = (
				8B360B670EA00AB2005CA047 /* icons/KronoX-icon.icns */,
				8B360B610EA00AA1005CA047 /* icons/DisclosureDown.tiff */,
				8B360B620EA00AA1005CA047 /* icons/DisclosureRight.tiff */,
				8B360B630EA00AA1005CA047 /* icons/DisclosureTransparent.tiff */,
				8BE1B2A00EA29A1B00686209 /* icons/Pencil.png */,
				8B0586BE0EC044D600D9C0FB /* icons/CheckMark.gif */,
				D01B820B1122B61900FF8821 /* icons/StatusMenuIcon.tiff */,
				D0F701CC11237182003F9765 /* kronos-god-v2.xcf */,
				D0F701CD11237182003F9765 /* statusmenu-icon.xcf */,
			);
			name = Images;
			sourceTree = "<group>";
		};
		8B67DB120D9635FB00A87B47 /* NSTransformers */ = {
			isa = PBXGroup;
			children = (
				8BB9ED820D7B53EF00E1A813 /* TimeIntervalToDate.h */,
				8BB9ED830D7B53EF00E1A813 /* TimeIntervalToDate.m */,
				8BE4AB7B106EC55400AD621C /* TimeIntervalToDuration.h */,
				8BE4AB7C106EC55400AD621C /* TimeIntervalToDuration.m */,
				8BE4AB7E106EC55F00AD621C /* TimeIntervalToMinutes.h */,
				8BE4AB7F106EC55F00AD621C /* TimeIntervalToMinutes.m */,
				8BE4ABD1106ECC6300AD621C /* TimeIntervalToNormalWorkingTime.h */,
				8BE4ABD2106ECC6300AD621C /* TimeIntervalToNormalWorkingTime.m */,
				8B8D2F340DA2B2D4009A4AB8 /* FontSizeToIndex.h */,
				8B8D2F350DA2B2D4009A4AB8 /* FontSizeToIndex.m */,
				8B7B86110DCA7B8E00A87979 /* FontSizeToRowHeight.h */,
				8B7B86120DCA7B8E00A87979 /* FontSizeToRowHeight.m */,
			);
			name = NSTransformers;
			sourceTree = "<group>";
		};
		8B88056F0E9C9048003F4846 /* (Sub)Classes */ = {
			isa = PBXGroup;
			children = (
				8B0701FF0EBE705E006BF98A /* ModalSheet.h */,
				8B0702000EBE705E006BF98A /* ModalSheet.m */,
				D060D30A1116C3B000B280FD /* EscapableDatePicker.h */,
				D060D30B1116C3B000B280FD /* EscapableDatePicker.m */,
			);
			name = "(Sub)Classes";
			sourceTree = "<group>";
		};
		8BC89B500E9EA4E100367A46 /* Delegates */ = {
			isa = PBXGroup;
			children = (
				8BC89B510E9EA54B00367A46 /* RecordingMenuDelegate.h */,
				8BC89B520E9EA54B00367A46 /* RecordingMenuDelegate.m */,
				8BE75272106818DD008C1482 /* ColumnsMenuDelegate.h */,
				8BE75273106818DD008C1482 /* ColumnsMenuDelegate.m */,
				8B0702010EBE705E006BF98A /* SplitViewDelegate.h */,
				8B0702020EBE705E006BF98A /* SplitViewDelegate.m */,
			);
			name = Delegates;
			sourceTree = "<group>";
		};
		8BF2DB530DA175A100A3CBBF /* Cocoa Extensions */ = {
			isa = PBXGroup;
			children = (
				8BF2DB1C0DA1634800A3CBBF /* UndoExtensions.h */,
				8BF2DB1D0DA1634800A3CBBF /* UndoExtensions.m */,
				8B1F18190D97D86800427EFA /* DateExtensions.h */,
				8B1F181A0D97D86800427EFA /* DateExtensions.m */,
				8B02443D0D9E2D95000F7C9F /* PanelExtensions.h */,
				8B02443E0D9E2D95000F7C9F /* PanelExtensions.m */,
			);
			name = "Cocoa Extensions";
			sourceTree = "<group>";
		};
		CE8011FC1566972500FC55DC /* cocoalib */ = {
			isa = PBXGroup;
			children = (
				CEEFE4C31566A93C00AB3661 /* Dialogs.h */,
				CEEFE4C41566A93C00AB3661 /* Dialogs.m */,
				CEEFE4B61566A2B600AB3661 /* HSFairware.h */,
				CEEFE4B71566A2B600AB3661 /* HSFairware.m */,
				CEEFE4B81566A2B600AB3661 /* HSFairwareReminder.h */,
				CEEFE4B91566A2B600AB3661 /* HSFairwareReminder.m */,
				CEEFE4BA1566A2B600AB3661 /* Utils.h */,
				CEEFE4BB1566A2B600AB3661 /* Utils.m */,
			);
			name = cocoalib;
			sourceTree = "<group>";
		};
/* End PBXGroup section */

/* Begin PBXNativeTarget section */
		8D1107260486CEB800E47090 /* KronoX */ = {
			isa = PBXNativeTarget;
			buildConfigurationList = 26FC0A840875C7B200E6366F /* Build configuration list for PBXNativeTarget "KronoX" */;
			buildPhases = (
				8D1107290486CEB800E47090 /* Resources */,
				8D11072C0486CEB800E47090 /* Sources */,
				8D11072E0486CEB800E47090 /* Frameworks */,
				8B0F327B0F21BAEB002FD8A6 /* CopyFiles */,
			);
			buildRules = (
			);
			dependencies = (
			);
			name = KronoX;
			productInstallPath = "$(HOME)/Applications";
			productName = KronoX;
			productReference = 8D1107320486CEB800E47090 /* KronoX.app */;
			productType = "com.apple.product-type.application";
		};
/* End PBXNativeTarget section */

/* Begin PBXProject section */
		29B97313FDCFA39411CA2CEA /* Project object */ = {
			isa = PBXProject;
			attributes = {
				LastUpgradeCheck = 0430;
			};
			buildConfigurationList = 26FC0A880875C7B200E6366F /* Build configuration list for PBXProject "KronoX" */;
			compatibilityVersion = "Xcode 3.2";
			developmentRegion = English;
			hasScannedForEncodings = 1;
			knownRegions = (
				English,
				Japanese,
				French,
				German,
				en,
			);
			mainGroup = 29B97314FDCFA39411CA2CEA /* KronoX */;
			projectDirPath = "";
			projectRoot = "";
			targets = (
				8D1107260486CEB800E47090 /* KronoX */,
			);
		};
/* End PBXProject section */

/* Begin PBXResourcesBuildPhase section */
		8D1107290486CEB800E47090 /* Resources */ = {
			isa = PBXResourcesBuildPhase;
			buildActionMask = 2147483647;
			files = (
				8B66A2F80D91CFD300ABDD4E /* KronoX.xib in Resources */,
				8B360B640EA00AA1005CA047 /* icons/DisclosureDown.tiff in Resources */,
				8B360B650EA00AA1005CA047 /* icons/DisclosureRight.tiff in Resources */,
				8B360B660EA00AA1005CA047 /* icons/DisclosureTransparent.tiff in Resources */,
				8B360B680EA00AB2005CA047 /* icons/KronoX-icon.icns in Resources */,
				8BE1B2A10EA29A1B00686209 /* icons/Pencil.png in Resources */,
				8B0586BF0EC044D600D9C0FB /* icons/CheckMark.gif in Resources */,
				8BC8BE5A0EEC525C00F52232 /* Credits.rtf in Resources */,
				8BC8BED90EEC620800F52232 /* COPYING.txt in Resources */,
				8BAF02F20F1E08E100720336 /* ChangeLog.txt in Resources */,
				8B9CA41A0F229D350005A79F /* dsa_pub.pem in Resources */,
				8BDC5005107C8713001F74C9 /* KronoX Help in Resources */,
				D01B820C1122B61900FF8821 /* icons/StatusMenuIcon.tiff in Resources */,
				CEEFE4C21566A51E00AB3661 /* FairwareReminder.xib in Resources */,
			);
			runOnlyForDeploymentPostprocessing = 0;
		};
/* End PBXResourcesBuildPhase section */

/* Begin PBXSourcesBuildPhase section */
		8D11072C0486CEB800E47090 /* Sources */ = {
			isa = PBXSourcesBuildPhase;
			buildActionMask = 2147483647;
			files = (
				8D11072D0486CEB800E47090 /* main.m in Sources */,
				8BB5616A0F1F8D6400953794 /* KronoX-model.xcdatamodeld in Sources */,
				8BE0FD680D70C115003B3842 /* TasksController.m in Sources */,
				8BE0FD6B0D70C176003B3842 /* Task.m in Sources */,
				8BE0FD6E0D70C299003B3842 /* WorkPeriod.m in Sources */,
				8BB9ED840D7B53EF00E1A813 /* TimeIntervalToDate.m in Sources */,
				8B1F181B0D97D86800427EFA /* DateExtensions.m in Sources */,
				8B02443F0D9E2D95000F7C9F /* PanelExtensions.m in Sources */,
				8BAE6AC20DA1468400423BA9 /* WorkPeriodController.m in Sources */,
				8BF2DB1E0DA1634800A3CBBF /* UndoExtensions.m in Sources */,
				8B8D2F360DA2B2D4009A4AB8 /* FontSizeToIndex.m in Sources */,
				8BBC1C340DC1317E00685052 /* KronoX.m in Sources */,
				8B7B86130DCA7B8E00A87979 /* FontSizeToRowHeight.m in Sources */,
				8BC89B530E9EA54B00367A46 /* RecordingMenuDelegate.m in Sources */,
				8B0702030EBE705E006BF98A /* ExportImportController.m in Sources */,
				8B0702040EBE705E006BF98A /* ModalSheet.m in Sources */,
				8B0702050EBE705E006BF98A /* SplitViewDelegate.m in Sources */,
				8BB5616E0F1F8E2900953794 /* KronoX-model-v1-v2.xcmappingmodel in Sources */,
				8B9AB9280FD3363F0093D722 /* KronoX-model-v2-v3.xcmappingmodel in Sources */,
				8BE75274106818DD008C1482 /* ColumnsMenuDelegate.m in Sources */,
				8BE4AB7D106EC55400AD621C /* TimeIntervalToDuration.m in Sources */,
				8BE4AB80106EC55F00AD621C /* TimeIntervalToMinutes.m in Sources */,
				8BE4ABD3106ECC6300AD621C /* TimeIntervalToNormalWorkingTime.m in Sources */,
				8BE4AC56106ED80800AD621C /* KronoX-model-v3-v4.xcmappingmodel in Sources */,
				D060D30C1116C3B000B280FD /* EscapableDatePicker.m in Sources */,
				D0DE6A161151928C0071BEFD /* KronoX-model-v4-v5.xcmappingmodel in Sources */,
				D0D1AC6E1166810D00115411 /* KronoX-model-v5-v6.xcmappingmodel in Sources */,
				D0D1ACAD1166891700115411 /* KronoX-model-v4-v6.xcmappingmodel in Sources */,
				CEEFE4BC1566A2B600AB3661 /* HSFairware.m in Sources */,
				CEEFE4BD1566A2B600AB3661 /* HSFairwareReminder.m in Sources */,
				CEEFE4BE1566A2B600AB3661 /* Utils.m in Sources */,
				CEEFE4C51566A93C00AB3661 /* Dialogs.m in Sources */,
			);
			runOnlyForDeploymentPostprocessing = 0;
		};
/* End PBXSourcesBuildPhase section */

/* Begin PBXVariantGroup section */
		8BDC5001107C8713001F74C9 /* KronoX Help */ = {
			isa = PBXVariantGroup;
			children = (
				8B3DC252107FE6570011F37A /* KronoX-icon.png */,
				8BDC5002107C8713001F74C9 /* English */,
			);
			name = "KronoX Help";
			sourceTree = "<group>";
		};
		CEEFE4C01566A51E00AB3661 /* FairwareReminder.xib */ = {
			isa = PBXVariantGroup;
			children = (
				CEEFE4C11566A51E00AB3661 /* en */,
			);
			name = FairwareReminder.xib;
			sourceTree = "<group>";
		};
/* End PBXVariantGroup section */

/* Begin XCBuildConfiguration section */
		26FC0A850875C7B200E6366F /* Debug */ = {
			isa = XCBuildConfiguration;
			buildSettings = {
				COPY_PHASE_STRIP = NO;
				DEPLOYMENT_LOCATION = YES;
				DEPLOYMENT_POSTPROCESSING = YES;
				DSTROOT = /;
				FRAMEWORK_SEARCH_PATHS = (
					"$(inherited)",
					"\"$(SRCROOT)\"",
				);
				GCC_ENABLE_OBJC_EXCEPTIONS = YES;
				GCC_OPTIMIZATION_LEVEL = 0;
				GCC_PRECOMPILE_PREFIX_HEADER = YES;
				GCC_PREFIX_HEADER = "KronoX-prefix.pch";
				INFOPLIST_FILE = Info.plist;
				INSTALL_PATH = "$(PROJECT_DIR)";
				PRODUCT_NAME = KronoX;
				WRAPPER_EXTENSION = app;
			};
			name = Debug;
		};
		26FC0A860875C7B200E6366F /* Release */ = {
			isa = XCBuildConfiguration;
			buildSettings = {
				DEPLOYMENT_LOCATION = YES;
				DEPLOYMENT_POSTPROCESSING = YES;
				DSTROOT = /;
				FRAMEWORK_SEARCH_PATHS = (
					"$(inherited)",
					"\"$(SRCROOT)\"",
				);
				GCC_ENABLE_OBJC_EXCEPTIONS = YES;
				GCC_PRECOMPILE_PREFIX_HEADER = YES;
				GCC_PREFIX_HEADER = "KronoX-prefix.pch";
				INFOPLIST_FILE = Info.plist;
				INSTALL_PATH = "$(PROJECT_DIR)";
				PRODUCT_NAME = KronoX;
				WRAPPER_EXTENSION = app;
			};
			name = Release;
		};
		26FC0A890875C7B200E6366F /* Debug */ = {
			isa = XCBuildConfiguration;
			buildSettings = {
				ARCHS = "$(ARCHS_STANDARD_32_64_BIT)";
				GCC_ENABLE_OBJC_GC = required;
				GCC_WARN_ABOUT_RETURN_TYPE = YES;
				GCC_WARN_UNUSED_VARIABLE = YES;
				MACOSX_DEPLOYMENT_TARGET = 10.6;
				OTHER_CFLAGS = "-DDEBUG=1";
				SDKROOT = macosx10.6;
			};
			name = Debug;
		};
		26FC0A8A0875C7B200E6366F /* Release */ = {
			isa = XCBuildConfiguration;
			buildSettings = {
				ARCHS = "$(ARCHS_STANDARD_32_64_BIT)";
				GCC_ENABLE_OBJC_GC = required;
				GCC_WARN_ABOUT_RETURN_TYPE = YES;
				GCC_WARN_UNUSED_VARIABLE = YES;
				MACOSX_DEPLOYMENT_TARGET = 10.6;
				SDKROOT = macosx10.6;
			};
			name = Release;
		};
/* End XCBuildConfiguration section */

/* Begin XCConfigurationList section */
		26FC0A840875C7B200E6366F /* Build configuration list for PBXNativeTarget "KronoX" */ = {
			isa = XCConfigurationList;
			buildConfigurations = (
				26FC0A850875C7B200E6366F /* Debug */,
				26FC0A860875C7B200E6366F /* Release */,
			);
			defaultConfigurationIsVisible = 0;
			defaultConfigurationName = Release;
		};
		26FC0A880875C7B200E6366F /* Build configuration list for PBXProject "KronoX" */ = {
			isa = XCConfigurationList;
			buildConfigurations = (
				26FC0A890875C7B200E6366F /* Debug */,
				26FC0A8A0875C7B200E6366F /* Release */,
			);
			defaultConfigurationIsVisible = 0;
			defaultConfigurationName = Release;
		};
/* End XCConfigurationList section */

/* Begin XCVersionGroup section */
		8BB561690F1F8D6400953794 /* KronoX-model.xcdatamodeld */ = {
			isa = XCVersionGroup;
			children = (
				CE8D06761565530400D3ACED /* KronoX-model-v7.xcdatamodel */,
				770B37EC0679A11B001EADE2 /* KronoX-model.xcdatamodel */,
				8BB5616D0F1F8E2900953794 /* KronoX-model-v1-v2.xcmappingmodel */,
				8BB5616B0F1F8D6400953794 /* KronoX-model-v2.xcdatamodel */,
				8B9AB9270FD3363F0093D722 /* KronoX-model-v2-v3.xcmappingmodel */,
				8B9AB8790FD322990093D722 /* KronoX-model-v3.xcdatamodel */,
				8BE4AC55106ED80800AD621C /* KronoX-model-v3-v4.xcmappingmodel */,
				8BC4D1A0106BF5FC001E64D9 /* KronoX-model-v4.xcdatamodel */,
				D0DE6A151151928C0071BEFD /* KronoX-model-v4-v5.xcmappingmodel */,
				D0D1ACAC1166891700115411 /* KronoX-model-v4-v6.xcmappingmodel */,
				D0DE69E211518DB60071BEFD /* KronoX-model-v5.xcdatamodel */,
				D0D1AC6D1166810D00115411 /* KronoX-model-v5-v6.xcmappingmodel */,
				D0D1AC6B116680A700115411 /* KronoX-model-v6.xcdatamodel */,
			);
			currentVersion = CE8D06761565530400D3ACED /* KronoX-model-v7.xcdatamodel */;
			path = "KronoX-model.xcdatamodeld";
			sourceTree = "<group>";
			versionGroupType = wrapper.xcdatamodel;
		};
/* End XCVersionGroup section */
	};
	rootObject = 29B97313FDCFA39411CA2CEA /* Project object */;
}
